
Microsoft Visual Studio Solution File, Format Version 12.00
# Visual Studio Version 16
VisualStudioVersion = 16.0.31624.102
MinimumVisualStudioVersion = 10.0.40219.1
Project("{FAE04EC0-301F-11D3-BF4B-00C04F79EFBC}") = "PasswordGenerator", "PasswordGenerator\PasswordGenerator.csproj", "{423F25E1-ED95-4A18-8CCD-FD4C1ED2F46C}"
EndProject
Global
	GlobalSection(SolutionConfigurationPlatforms) = preSolution
		Debug|Any CPU = Debug|Any CPU
		Release|Any CPU = Release|Any CPU
	EndGlobalSection
	GlobalSection(ProjectConfigurationPlatforms) = postSolution
		{423F25E1-ED95-4A18-8CCD-FD4C1ED2F46C}.Debug|Any CPU.ActiveCfg = Debug|Any CPU
		{423F25E1-ED95-4A18-8CCD-FD4C1ED2F46C}.Debug|Any CPU.Build.0 = Debug|Any CPU
		{423F25E1-ED95-4A18-8CCD-FD4C1ED2F46C}.Release|Any CPU.ActiveCfg = Release|Any CPU
		{423F25E1-ED95-4A18-8CCD-FD4C1ED2F46C}.Release|Any CPU.Build.0 = Release|Any CPU
	EndGlobalSection
	GlobalSection(SolutionProperties) = preSolution
		HideSolutionNode = FALSE
	EndGlobalSection
	GlobalSection(ExtensibilityGlobals) = postSolution
		SolutionGuid = {D858EBE4-A0C5-4DA3-912D-B3DC11E88D05}
	EndGlobalSection
EndGlobal
